// !$*UTF8*$!
{
	archiveVersion = 1;
	classes = {
	};
	objectVersion = 77;
	objects = {

/* Begin PBXContainerItemProxy section */
		9681204D2E43973900B7979C /* PBXContainerItemProxy */ = {
			isa = PBXContainerItemProxy;
			containerPortal = 9681202E2E43973600B7979C /* Project object */;
			proxyType = 1;
			remoteGlobalIDString = 968120352E43973600B7979C;
			remoteInfo = OotoFaceApiExample;
		};
		968120572E43973900B7979C /* PBXContainerItemProxy */ = {
			isa = PBXContainerItemProxy;
			containerPortal = 9681202E2E43973600B7979C /* Project object */;
			proxyType = 1;
			remoteGlobalIDString = 968120352E43973600B7979C;
			remoteInfo = OotoFaceApiExample;
		};
/* End PBXContainerItemProxy section */

/* Begin PBXFileReference section */
		968120362E43973600B7979C /* OotoFaceApiExample.app */ = {isa = PBXFileReference; explicitFileType = wrapper.application; includeInIndex = 0; path = OotoFaceApiExample.app; sourceTree = BUILT_PRODUCTS_DIR; };
		9681204C2E43973900B7979C /* OotoFaceApiExampleTests.xctest */ = {isa = PBXFileReference; explicitFileType = wrapper.cfbundle; includeInIndex = 0; path = OotoFaceApiExampleTests.xctest; sourceTree = BUILT_PRODUCTS_DIR; };
		968120562E43973900B7979C /* OotoFaceApiExampleUITests.xctest */ = {isa = PBXFileReference; explicitFileType = wrapper.cfbundle; includeInIndex = 0; path = OotoFaceApiExampleUITests.xctest; sourceTree = BUILT_PRODUCTS_DIR; };
/* End PBXFileReference section */

/* Begin PBXFileSystemSynchronizedBuildFileExceptionSet section */
		9681205E2E43973900B7979C /* Exceptions for "OotoFaceApiExample" folder in "OotoFaceApiExample" target */ = {
			isa = PBXFileSystemSynchronizedBuildFileExceptionSet;
			membershipExceptions = (
				Info.plist,
			);
			target = 968120352E43973600B7979C /* OotoFaceApiExample */;
		};
/* End PBXFileSystemSynchronizedBuildFileExceptionSet section */

/* Begin PBXFileSystemSynchronizedRootGroup section */
		968120382E43973600B7979C /* OotoFaceApiExample */ = {
			isa = PBXFileSystemSynchronizedRootGroup;
			exceptions = (
				9681205E2E43973900B7979C /* Exceptions for "OotoFaceApiExample" folder in "OotoFaceApiExample" target */,
			);
			path = OotoFaceApiExample;
			sourceTree = "<group>";
		};
		9681204F2E43973900B7979C /* OotoFaceApiExampleTests */ = {
			isa = PBXFileSystemSynchronizedRootGroup;
			path = OotoFaceApiExampleTests;
			sourceTree = "<group>";
		};
		968120592E43973900B7979C /* OotoFaceApiExampleUITests */ = {
			isa = PBXFileSystemSynchronizedRootGroup;
			path = OotoFaceApiExampleUITests;
			sourceTree = "<group>";
		};
/* End PBXFileSystemSynchronizedRootGroup section */

/* Begin PBXFrameworksBuildPhase section */
		968120332E43973600B7979C /* Frameworks */ = {
			isa = PBXFrameworksBuildPhase;
			buildActionMask = 2147483647;
			files = (
			);
			runOnlyForDeploymentPostprocessing = 0;
		};
		968120492E43973900B7979C /* Frameworks */ = {
			isa = PBXFrameworksBuildPhase;
			buildActionMask = 2147483647;
			files = (
			);
			runOnlyForDeploymentPostprocessing = 0;
		};
		968120532E43973900B7979C /* Frameworks */ = {
			isa = PBXFrameworksBuildPhase;
			buildActionMask = 2147483647;
			files = (
			);
			runOnlyForDeploymentPostprocessing = 0;
		};
/* End PBXFrameworksBuildPhase section */

/* Begin PBXGroup section */
		9681202D2E43973600B7979C = {
			isa = PBXGroup;
			children = (
				968120382E43973600B7979C /* OotoFaceApiExample */,
				9681204F2E43973900B7979C /* OotoFaceApiExampleTests */,
				968120592E43973900B7979C /* OotoFaceApiExampleUITests */,
				968120372E43973600B7979C /* Products */,
			);
			sourceTree = "<group>";
		};
		968120372E43973600B7979C /* Products */ = {
			isa = PBXGroup;
			children = (
				968120362E43973600B7979C /* OotoFaceApiExample.app */,
				9681204C2E43973900B7979C /* OotoFaceApiExampleTests.xctest */,
				968120562E43973900B7979C /* OotoFaceApiExampleUITests.xctest */,
			);
			name = Products;
			sourceTree = "<group>";
		};
/* End PBXGroup section */

/* Begin PBXNativeTarget section */
		968120352E43973600B7979C /* OotoFaceApiExample */ = {
			isa = PBXNativeTarget;
			buildConfigurationList = 9681205F2E43973900B7979C /* Build configuration list for PBXNativeTarget "OotoFaceApiExample" */;
			buildPhases = (
				968120322E43973600B7979C /* Sources */,
				968120332E43973600B7979C /* Frameworks */,
				968120342E43973600B7979C /* Resources */,
			);
			buildRules = (
			);
			dependencies = (
			);
			fileSystemSynchronizedGroups = (
				968120382E43973600B7979C /* OotoFaceApiExample */,
			);
			name = OotoFaceApiExample;
			packageProductDependencies = (
			);
			productName = OotoFaceApiExample;
			productReference = 968120362E43973600B7979C /* OotoFaceApiExample.app */;
			productType = "com.apple.product-type.application";
		};
		9681204B2E43973900B7979C /* OotoFaceApiExampleTests */ = {
			isa = PBXNativeTarget;
			buildConfigurationList = 968120642E43973900B7979C /* Build configuration list for PBXNativeTarget "OotoFaceApiExampleTests" */;
			buildPhases = (
				968120482E43973900B7979C /* Sources */,
				968120492E43973900B7979C /* Frameworks */,
				9681204A2E43973900B7979C /* Resources */,
			);
			buildRules = (
			);
			dependencies = (
				9681204E2E43973900B7979C /* PBXTargetDependency */,
			);
			fileSystemSynchronizedGroups = (
				9681204F2E43973900B7979C /* OotoFaceApiExampleTests */,
			);
			name = OotoFaceApiExampleTests;
			packageProductDependencies = (
			);
			productName = OotoFaceApiExampleTests;
			productReference = 9681204C2E43973900B7979C /* OotoFaceApiExampleTests.xctest */;
			productType = "com.apple.product-type.bundle.unit-test";
		};
		968120552E43973900B7979C /* OotoFaceApiExampleUITests */ = {
			isa = PBXNativeTarget;
			buildConfigurationList = 968120672E43973900B7979C /* Build configuration list for PBXNativeTarget "OotoFaceApiExampleUITests" */;
			buildPhases = (
				968120522E43973900B7979C /* Sources */,
				968120532E43973900B7979C /* Frameworks */,
				968120542E43973900B7979C /* Resources */,
			);
			buildRules = (
			);
			dependencies = (
				968120582E43973900B7979C /* PBXTargetDependency */,
			);
			fileSystemSynchronizedGroups = (
				968120592E43973900B7979C /* OotoFaceApiExampleUITests */,
			);
			name = OotoFaceApiExampleUITests;
			packageProductDependencies = (
			);
			productName = OotoFaceApiExampleUITests;
			productReference = 968120562E43973900B7979C /* OotoFaceApiExampleUITests.xctest */;
			productType = "com.apple.product-type.bundle.ui-testing";
		};
/* End PBXNativeTarget section */

/* Begin PBXProject section */
		9681202E2E43973600B7979C /* Project object */ = {
			isa = PBXProject;
			attributes = {
				BuildIndependentTargetsInParallel = 1;
				LastSwiftUpdateCheck = 1640;
				LastUpgradeCheck = 1640;
				TargetAttributes = {
					968120352E43973600B7979C = {
						CreatedOnToolsVersion = 16.4;
					};
					9681204B2E43973900B7979C = {
						CreatedOnToolsVersion = 16.4;
						TestTargetID = 968120352E43973600B7979C;
					};
					968120552E43973900B7979C = {
						CreatedOnToolsVersion = 16.4;
						TestTargetID = 968120352E43973600B7979C;
					};
				};
			};
			buildConfigurationList = 968120312E43973600B7979C /* Build configuration list for PBXProject "OotoFaceApiExample" */;
			developmentRegion = en;
			hasScannedForEncodings = 0;
			knownRegions = (
				en,
				Base,
			);
			mainGroup = 9681202D2E43973600B7979C;
			minimizedProjectReferenceProxies = 1;
			preferredProjectObjectVersion = 77;
			productRefGroup = 968120372E43973600B7979C /* Products */;
			projectDirPath = "";
			projectRoot = "";
			targets = (
				968120352E43973600B7979C /* OotoFaceApiExample */,
				9681204B2E43973900B7979C /* OotoFaceApiExampleTests */,
				968120552E43973900B7979C /* OotoFaceApiExampleUITests */,
			);
		};
/* End PBXProject section */

/* Begin PBXResourcesBuildPhase section */
		968120342E43973600B7979C /* Resources */ = {
			isa = PBXResourcesBuildPhase;
			buildActionMask = 2147483647;
			files = (
			);
			runOnlyForDeploymentPostprocessing = 0;
		};
		9681204A2E43973900B7979C /* Resources */ = {
			isa = PBXResourcesBuildPhase;
			buildActionMask = 2147483647;
			files = (
			);
			runOnlyForDeploymentPostprocessing = 0;
		};
		968120542E43973900B7979C /* Resources */ = {
			isa = PBXResourcesBuildPhase;
			buildActionMask = 2147483647;
			files = (
			);
			runOnlyForDeploymentPostprocessing = 0;
		};
/* End PBXResourcesBuildPhase section */

/* Begin PBXSourcesBuildPhase section */
		968120322E43973600B7979C /* Sources */ = {
			isa = PBXSourcesBuildPhase;
			buildActionMask = 2147483647;
			files = (
			);
			runOnlyForDeploymentPostprocessing = 0;
		};
		968120482E43973900B7979C /* Sources */ = {
			isa = PBXSourcesBuildPhase;
			buildActionMask = 2147483647;
			files = (
			);
			runOnlyForDeploymentPostprocessing = 0;
		};
		968120522E43973900B7979C /* Sources */ = {
			isa = PBXSourcesBuildPhase;
			buildActionMask = 2147483647;
			files = (
			);
			runOnlyForDeploymentPostprocessing = 0;
		};
/* End PBXSourcesBuildPhase section */

/* Begin PBXTargetDependency section */
		9681204E2E43973900B7979C /* PBXTargetDependency */ = {
			isa = PBXTargetDependency;
			target = 968120352E43973600B7979C /* OotoFaceApiExample */;
			targetProxy = 9681204D2E43973900B7979C /* PBXContainerItemProxy */;
		};
		968120582E43973900B7979C /* PBXTargetDependency */ = {
			isa = PBXTargetDependency;
			target = 968120352E43973600B7979C /* OotoFaceApiExample */;
			targetProxy = 968120572E43973900B7979C /* PBXContainerItemProxy */;
		};
/* End PBXTargetDependency section */

/* Begin XCBuildConfiguration section */
		968120602E43973900B7979C /* Debug */ = {
			isa = XCBuildConfiguration;
			buildSettings = {
				ASSETCATALOG_COMPILER_APPICON_NAME = AppIcon;
				ASSETCATALOG_COMPILER_GLOBAL_ACCENT_COLOR_NAME = AccentColor;
				CODE_SIGN_STYLE = Automatic;
				CURRENT_PROJECT_VERSION = 1;
				DEVELOPMENT_TEAM = N3Y2CPA642;
				GENERATE_INFOPLIST_FILE = YES;
				INFOPLIST_FILE = OotoFaceApiExample/Info.plist;
				INFOPLIST_KEY_UIApplicationSupportsIndirectInputEvents = YES;
				INFOPLIST_KEY_UILaunchStoryboardName = LaunchScreen;
				INFOPLIST_KEY_UIMainStoryboardFile = Main;
				INFOPLIST_KEY_UISupportedInterfaceOrientations_iPad = "UIInterfaceOrientationPortrait UIInterfaceOrientationPortraitUpsideDown UIInterfaceOrientationLandscapeLeft UIInterfaceOrientationLandscapeRight";
				INFOPLIST_KEY_UISupportedInterfaceOrientations_iPhone = "UIInterfaceOrientationPortrait UIInterfaceOrientationLandscapeLeft UIInterfaceOrientationLandscapeRight";
				LD_RUNPATH_SEARCH_PATHS = (
					"$(inherited)",
					"@executable_path/Frameworks",
				);
				MARKETING_VERSION = 1.0;
				PRODUCT_BUNDLE_IDENTIFIER = com.OotoFaceApiExample;
				PRODUCT_NAME = "$(TARGET_NAME)";
				SWIFT_EMIT_LOC_STRINGS = YES;
				SWIFT_VERSION = 5.0;
				TARGETED_DEVICE_FAMILY = "1,2";
			};
			name = Debug;
		};
		968120612E43973900B7979C /* Release */ = {
			isa = XCBuildConfiguration;
			buildSettings = {
				ASSETCATALOG_COMPILER_APPICON_NAME = AppIcon;
				ASSETCATALOG_COMPILER_GLOBAL_ACCENT_COLOR_NAME = AccentColor;
				CODE_SIGN_STYLE = Automatic;
				CURRENT_PROJECT_VERSION = 1;
				DEVELOPMENT_TEAM = N3Y2CPA642;
				GENERATE_INFOPLIST_FILE = YES;
				INFOPLIST_FILE = OotoFaceApiExample/Info.plist;
				INFOPLIST_KEY_UIApplicationSupportsIndirectInputEvents = YES;
				INFOPLIST_KEY_UILaunchStoryboardName = LaunchScreen;
				INFOPLIST_KEY_UIMainStoryboardFile = Main;
				INFOPLIST_KEY_UISupportedInterfaceOrientations_iPad = "UIInterfaceOrientationPortrait UIInterfaceOrientationPortraitUpsideDown UIInterfaceOrientationLandscapeLeft UIInterfaceOrientationLandscapeRight";
				INFOPLIST_KEY_UISupportedInterfaceOrientations_iPhone = "UIInterfaceOrientationPortrait UIInterfaceOrientationLandscapeLeft UIInterfaceOrientationLandscapeRight";
				LD_RUNPATH_SEARCH_PATHS = (
					"$(inherited)",
					"@executable_path/Frameworks",
				);
				MARKETING_VERSION = 1.0;
				PRODUCT_BUNDLE_IDENTIFIER = com.OotoFaceApiExample;
				PRODUCT_NAME = "$(TARGET_NAME)";
				SWIFT_EMIT_LOC_STRINGS = YES;
				SWIFT_VERSION = 5.0;
				TARGETED_DEVICE_FAMILY = "1,2";
			};
			name = Release;
		};
		968120622E43973900B7979C /* Debug */ = {
			isa = XCBuildConfiguration;
			buildSettings = {
				ALWAYS_SEARCH_USER_PATHS = NO;
				ASSETCATALOG_COMPILER_GENERATE_SWIFT_ASSET_SYMBOL_EXTENSIONS = YES;
				CLANG_ANALYZER_NONNULL = YES;
				CLANG_ANALYZER_NUMBER_OBJECT_CONVERSION = YES_AGGRESSIVE;
				CLANG_CXX_LANGUAGE_STANDARD = "gnu++20";
				CLANG_ENABLE_MODULES = YES;
				CLANG_ENABLE_OBJC_ARC = YES;
				CLANG_ENABLE_OBJC_WEAK = YES;
				CLANG_WARN_BLOCK_CAPTURE_AUTORELEASING = YES;
				CLANG_WARN_BOOL_CONVERSION = YES;
				CLANG_WARN_COMMA = YES;
				CLANG_WARN_CONSTANT_CONVERSION = YES;
				CLANG_WARN_DEPRECATED_OBJC_IMPLEMENTATIONS = YES;
				CLANG_WARN_DIRECT_OBJC_ISA_USAGE = YES_ERROR;
				CLANG_WARN_DOCUMENTATION_COMMENTS = YES;
				CLANG_WARN_EMPTY_BODY = YES;
				CLANG_WARN_ENUM_CONVERSION = YES;
				CLANG_WARN_INFINITE_RECURSION = YES;
				CLANG_WARN_INT_CONVERSION = YES;
				CLANG_WARN_NON_LITERAL_NULL_CONVERSION = YES;
				CLANG_WARN_OBJC_IMPLICIT_RETAIN_SELF = YES;
				CLANG_WARN_OBJC_LITERAL_CONVERSION = YES;
				CLANG_WARN_OBJC_ROOT_CLASS = YES_ERROR;
				CLANG_WARN_QUOTED_INCLUDE_IN_FRAMEWORK_HEADER = YES;
				CLANG_WARN_RANGE_LOOP_ANALYSIS = YES;
				CLANG_WARN_STRICT_PROTOTYPES = YES;
				CLANG_WARN_SUSPICIOUS_MOVE = YES;
				CLANG_WARN_UNGUARDED_AVAILABILITY = YES_AGGRESSIVE;
				CLANG_WARN_UNREACHABLE_CODE = YES;
				CLANG_WARN__DUPLICATE_METHOD_MATCH = YES;
				COPY_PHASE_STRIP = NO;
				DEBUG_INFORMATION_FORMAT = dwarf;
				DEVELOPMENT_TEAM = N3Y2CPA642;
				ENABLE_STRICT_OBJC_MSGSEND = YES;
				ENABLE_TESTABILITY = YES;
				ENABLE_USER_SCRIPT_SANDBOXING = YES;
				GCC_C_LANGUAGE_STANDARD = gnu17;
				GCC_DYNAMIC_NO_PIC = NO;
				GCC_NO_COMMON_BLOCKS = YES;
				GCC_OPTIMIZATION_LEVEL = 0;
				GCC_PREPROCESSOR_DEFINITIONS = (
					"DEBUG=1",
					"$(inherited)",
				);
				GCC_WARN_64_TO_32_BIT_CONVERSION = YES;
				GCC_WARN_ABOUT_RETURN_TYPE = YES_ERROR;
				GCC_WARN_UNDECLARED_SELECTOR = YES;
				GCC_WARN_UNINITIALIZED_AUTOS = YES_AGGRESSIVE;
				GCC_WARN_UNUSED_FUNCTION = YES;
				GCC_WARN_UNUSED_VARIABLE = YES;
				IPHONEOS_DEPLOYMENT_TARGET = 18.5;
				LOCALIZATION_PREFERS_STRING_CATALOGS = YES;
				MTL_ENABLE_DEBUG_INFO = INCLUDE_SOURCE;
				MTL_FAST_MATH = YES;
				ONLY_ACTIVE_ARCH = YES;
				SDKROOT = iphoneos;
				SWIFT_ACTIVE_COMPILATION_CONDITIONS = "DEBUG $(inherited)";
				SWIFT_OPTIMIZATION_LEVEL = "-Onone";
			};
			name = Debug;
		};
		968120632E43973900B7979C /* Release */ = {
			isa = XCBuildConfiguration;
			buildSettings = {
				ALWAYS_SEARCH_USER_PATHS = NO;
				ASSETCATALOG_COMPILER_GENERATE_SWIFT_ASSET_SYMBOL_EXTENSIONS = YES;
				CLANG_ANALYZER_NONNULL = YES;
				CLANG_ANALYZER_NUMBER_OBJECT_CONVERSION = YES_AGGRESSIVE;
				CLANG_CXX_LANGUAGE_STANDARD = "gnu++20";
				CLANG_ENABLE_MODULES = YES;
				CLANG_ENABLE_OBJC_ARC = YES;
				CLANG_ENABLE_OBJC_WEAK = YES;
				CLANG_WARN_BLOCK_CAPTURE_AUTORELEASING = YES;
				CLANG_WARN_BOOL_CONVERSION = YES;
				CLANG_WARN_COMMA = YES;
				CLANG_WARN_CONSTANT_CONVERSION = YES;
				CLANG_WARN_DEPRECATED_OBJC_IMPLEMENTATIONS = YES;
				CLANG_WARN_DIRECT_OBJC_ISA_USAGE = YES_ERROR;
				CLANG_WARN_DOCUMENTATION_COMMENTS = YES;
				CLANG_WARN_EMPTY_BODY = YES;
				CLANG_WARN_ENUM_CONVERSION = YES;
				CLANG_WARN_INFINITE_RECURSION = YES;
				CLANG_WARN_INT_CONVERSION = YES;
				CLANG_WARN_NON_LITERAL_NULL_CONVERSION = YES;
				CLANG_WARN_OBJC_IMPLICIT_RETAIN_SELF = YES;
				CLANG_WARN_OBJC_LITERAL_CONVERSION = YES;
				CLANG_WARN_OBJC_ROOT_CLASS = YES_ERROR;
				CLANG_WARN_QUOTED_INCLUDE_IN_FRAMEWORK_HEADER = YES;
				CLANG_WARN_RANGE_LOOP_ANALYSIS = YES;
				CLANG_WARN_STRICT_PROTOTYPES = YES;
				CLANG_WARN_SUSPICIOUS_MOVE = YES;
				CLANG_WARN_UNGUARDED_AVAILABILITY = YES_AGGRESSIVE;
				CLANG_WARN_UNREACHABLE_CODE = YES;
				CLANG_WARN__DUPLICATE_METHOD_MATCH = YES;
				COPY_PHASE_STRIP = NO;
				DEBUG_INFORMATION_FORMAT = "dwarf-with-dsym";
				DEVELOPMENT_TEAM = N3Y2CPA642;
				ENABLE_NS_ASSERTIONS = NO;
				ENABLE_STRICT_OBJC_MSGSEND = YES;
				ENABLE_USER_SCRIPT_SANDBOXING = YES;
				GCC_C_LANGUAGE_STANDARD = gnu17;
				GCC_NO_COMMON_BLOCKS = YES;
				GCC_WARN_64_TO_32_BIT_CONVERSION = YES;
				GCC_WARN_ABOUT_RETURN_TYPE = YES_ERROR;
				GCC_WARN_UNDECLARED_SELECTOR = YES;
				GCC_WARN_UNINITIALIZED_AUTOS = YES_AGGRESSIVE;
				GCC_WARN_UNUSED_FUNCTION = YES;
				GCC_WARN_UNUSED_VARIABLE = YES;
				IPHONEOS_DEPLOYMENT_TARGET = 18.5;
				LOCALIZATION_PREFERS_STRING_CATALOGS = YES;
				MTL_ENABLE_DEBUG_INFO = NO;
				MTL_FAST_MATH = YES;
				SDKROOT = iphoneos;
				SWIFT_COMPILATION_MODE = wholemodule;
				VALIDATE_PRODUCT = YES;
			};
			name = Release;
		};
		968120652E43973900B7979C /* Debug */ = {
			isa = XCBuildConfiguration;
			buildSettings = {
				BUNDLE_LOADER = "$(TEST_HOST)";
				CODE_SIGN_STYLE = Automatic;
				CURRENT_PROJECT_VERSION = 1;
				DEVELOPMENT_TEAM = N3Y2CPA642;
				GENERATE_INFOPLIST_FILE = YES;
				IPHONEOS_DEPLOYMENT_TARGET = 18.5;
				MARKETING_VERSION = 1.0;
				PRODUCT_BUNDLE_IDENTIFIER = com.OotoFaceApiExampleTests;
				PRODUCT_NAME = "$(TARGET_NAME)";
				SWIFT_EMIT_LOC_STRINGS = NO;
				SWIFT_VERSION = 5.0;
				TARGETED_DEVICE_FAMILY = "1,2";
				TEST_HOST = "$(BUILT_PRODUCTS_DIR)/OotoFaceApiExample.app/$(BUNDLE_EXECUTABLE_FOLDER_PATH)/OotoFaceApiExample";
			};
			name = Debug;
		};
		968120662E43973900B7979C /* Release */ = {
			isa = XCBuildConfiguration;
			buildSettings = {
				BUNDLE_LOADER = "$(TEST_HOST)";
				CODE_SIGN_STYLE = Automatic;
				CURRENT_PROJECT_VERSION = 1;
				DEVELOPMENT_TEAM = N3Y2CPA642;
				GENERATE_INFOPLIST_FILE = YES;
				IPHONEOS_DEPLOYMENT_TARGET = 18.5;
				MARKETING_VERSION = 1.0;
				PRODUCT_BUNDLE_IDENTIFIER = com.OotoFaceApiExampleTests;
				PRODUCT_NAME = "$(TARGET_NAME)";
				SWIFT_EMIT_LOC_STRINGS = NO;
				SWIFT_VERSION = 5.0;
				TARGETED_DEVICE_FAMILY = "1,2";
				TEST_HOST = "$(BUILT_PRODUCTS_DIR)/OotoFaceApiExample.app/$(BUNDLE_EXECUTABLE_FOLDER_PATH)/OotoFaceApiExample";
			};
			name = Release;
		};
		968120682E43973900B7979C /* Debug */ = {
			isa = XCBuildConfiguration;
			buildSettings = {
				CODE_SIGN_STYLE = Automatic;
				CURRENT_PROJECT_VERSION = 1;
				DEVELOPMENT_TEAM = N3Y2CPA642;
				GENERATE_INFOPLIST_FILE = YES;
				MARKETING_VERSION = 1.0;
				PRODUCT_BUNDLE_IDENTIFIER = com.OotoFaceApiExampleUITests;
				PRODUCT_NAME = "$(TARGET_NAME)";
				SWIFT_EMIT_LOC_STRINGS = NO;
				SWIFT_VERSION = 5.0;
				TARGETED_DEVICE_FAMILY = "1,2";
				TEST_TARGET_NAME = OotoFaceApiExample;
			};
			name = Debug;
		};
		968120692E43973900B7979C /* Release */ = {
			isa = XCBuildConfiguration;
			buildSettings = {
				CODE_SIGN_STYLE = Automatic;
				CURRENT_PROJECT_VERSION = 1;
				DEVELOPMENT_TEAM = N3Y2CPA642;
				GENERATE_INFOPLIST_FILE = YES;
				MARKETING_VERSION = 1.0;
				PRODUCT_BUNDLE_IDENTIFIER = com.OotoFaceApiExampleUITests;
				PRODUCT_NAME = "$(TARGET_NAME)";
				SWIFT_EMIT_LOC_STRINGS = NO;
				SWIFT_VERSION = 5.0;
				TARGETED_DEVICE_FAMILY = "1,2";
				TEST_TARGET_NAME = OotoFaceApiExample;
			};
			name = Release;
		};
/* End XCBuildConfiguration section */

/* Begin XCConfigurationList section */
		968120312E43973600B7979C /* Build configuration list for PBXProject "OotoFaceApiExample" */ = {
			isa = XCConfigurationList;
			buildConfigurations = (
				968120622E43973900B7979C /* Debug */,
				968120632E43973900B7979C /* Release */,
			);
			defaultConfigurationIsVisible = 0;
			defaultConfigurationName = Release;
		};
		9681205F2E43973900B7979C /* Build configuration list for PBXNativeTarget "OotoFaceApiExample" */ = {
			isa = XCConfigurationList;
			buildConfigurations = (
				968120602E43973900B7979C /* Debug */,
				968120612E43973900B7979C /* Release */,
			);
			defaultConfigurationIsVisible = 0;
			defaultConfigurationName = Release;
		};
		968120642E43973900B7979C /* Build configuration list for PBXNativeTarget "OotoFaceApiExampleTests" */ = {
			isa = XCConfigurationList;
			buildConfigurations = (
				968120652E43973900B7979C /* Debug */,
				968120662E43973900B7979C /* Release */,
			);
			defaultConfigurationIsVisible = 0;
			defaultConfigurationName = Release;
		};
		968120672E43973900B7979C /* Build configuration list for PBXNativeTarget "OotoFaceApiExampleUITests" */ = {
			isa = XCConfigurationList;
			buildConfigurations = (
				968120682E43973900B7979C /* Debug */,
				968120692E43973900B7979C /* Release */,
			);
			defaultConfigurationIsVisible = 0;
			defaultConfigurationName = Release;
		};
/* End XCConfigurationList section */
	};
	rootObject = 9681202E2E43973600B7979C /* Project object */;
}
